{
  "name": "ajs-hw3-7-",
  "version": "1.0.0",
  "lockfileVersion": 3,
  "requires": true,
  "packages": {
    "": {
      "name": "ajs-hw3-7-",
      "version": "1.0.0",
      "license": "ISC",
      "dependencies": {
        "@b0ris0vant0n/ajs-homework3_": "^1.0.0"
      }
    },
    "node_modules/@b0ris0vant0n/ajs-homework3_": {
      "version": "1.0.0",
      "resolved": "https://npm.pkg.github.com/download/@b0ris0vant0n/ajs-homework3_/1.0.0/fdeda28274362ab5db7b38a37da8d0d36211b98f",
      "integrity": "sha512-oAcAd4YahvQqyagM6A7TAMCQHGl/jqspR5rJm3lJvMkuTxPLvwoyokIPJIOfWIgILg1Wkt736dsv1D7rd7SuSw==",
      "license": "ISC"
    }
  }
}
